
Microsoft Visual Studio Solution File, Format Version 12.00
# Visual Studio Version 17
VisualStudioVersion = 17.11.35431.28
MinimumVisualStudioVersion = 10.0.40219.1
Project("{FAE04EC0-301F-11D3-BF4B-00C04F79EFBC}") = "CircularDominoChain", "CircularDominoChain.csproj", "{051E5D00-2A00-4D83-8869-C87ADA1ECF12}"
EndProject
Global
	GlobalSection(SolutionConfigurationPlatforms) = preSolution
		Debug|Any CPU = Debug|Any CPU
		Release|Any CPU = Release|Any CPU
	EndGlobalSection
	GlobalSection(ProjectConfigurationPlatforms) = postSolution
		{051E5D00-2A00-4D83-8869-C87ADA1ECF12}.Debug|Any CPU.ActiveCfg = Debug|Any CPU
		{051E5D00-2A00-4D83-8869-C87ADA1ECF12}.Debug|Any CPU.Build.0 = Debug|Any CPU
		{051E5D00-2A00-4D83-8869-C87ADA1ECF12}.Release|Any CPU.ActiveCfg = Release|Any CPU
		{051E5D00-2A00-4D83-8869-C87ADA1ECF12}.Release|Any CPU.Build.0 = Release|Any CPU
	EndGlobalSection
	GlobalSection(SolutionProperties) = preSolution
		HideSolutionNode = FALSE
	EndGlobalSection
	GlobalSection(ExtensibilityGlobals) = postSolution
		SolutionGuid = {B6EDA403-0B6E-4A5D-B6E5-3A03F8D5DC56}
	EndGlobalSection
EndGlobal
